// !$*UTF8*$!
{
	archiveVersion = 1;
	classes = {
	};
	objectVersion = 46;
	objects = {

/* Begin PBXBuildFile section */
		CC534A5119FFAA5100C241FA /* Foundation.framework in Frameworks */ = {isa = PBXBuildFile; fileRef = CC534A5019FFAA5100C241FA /* Foundation.framework */; };
		CC534A5319FFAA5100C241FA /* CoreGraphics.framework in Frameworks */ = {isa = PBXBuildFile; fileRef = CC534A5219FFAA5100C241FA /* CoreGraphics.framework */; };
		CC534A5519FFAA5100C241FA /* UIKit.framework in Frameworks */ = {isa = PBXBuildFile; fileRef = CC534A5419FFAA5100C241FA /* UIKit.framework */; };
		CC534A5B19FFAA5100C241FA /* InfoPlist.strings in Resources */ = {isa = PBXBuildFile; fileRef = CC534A5919FFAA5100C241FA /* InfoPlist.strings */; };
		CC534A5D19FFAA5100C241FA /* main.m in Sources */ = {isa = PBXBuildFile; fileRef = CC534A5C19FFAA5100C241FA /* main.m */; };
		CC534A6119FFAA5100C241FA /* qiudushuAppDelegate.m in Sources */ = {isa = PBXBuildFile; fileRef = CC534A6019FFAA5100C241FA /* qiudushuAppDelegate.m */; };
		CC534A6419FFAA5100C241FA /* Main.storyboard in Resources */ = {isa = PBXBuildFile; fileRef = CC534A6219FFAA5100C241FA /* Main.storyboard */; };
		CC534A6719FFAA5100C241FA /* qiudushuViewController.m in Sources */ = {isa = PBXBuildFile; fileRef = CC534A6619FFAA5100C241FA /* qiudushuViewController.m */; };
		CC534A6919FFAA5100C241FA /* Images.xcassets in Resources */ = {isa = PBXBuildFile; fileRef = CC534A6819FFAA5100C241FA /* Images.xcassets */; };
		CC534A7019FFAA5100C241FA /* XCTest.framework in Frameworks */ = {isa = PBXBuildFile; fileRef = CC534A6F19FFAA5100C241FA /* XCTest.framework */; };
		CC534A7119FFAA5100C241FA /* Foundation.framework in Frameworks */ = {isa = PBXBuildFile; fileRef = CC534A5019FFAA5100C241FA /* Foundation.framework */; };
		CC534A7219FFAA5100C241FA /* UIKit.framework in Frameworks */ = {isa = PBXBuildFile; fileRef = CC534A5419FFAA5100C241FA /* UIKit.framework */; };
		CC534A7A19FFAA5100C241FA /* InfoPlist.strings in Resources */ = {isa = PBXBuildFile; fileRef = CC534A7819FFAA5100C241FA /* InfoPlist.strings */; };
		CC534A7C19FFAA5100C241FA /* CalculatorTests.m in Sources */ = {isa = PBXBuildFile; fileRef = CC534A7B19FFAA5100C241FA /* CalculatorTests.m */; };
/* End PBXBuildFile section */

/* Begin PBXContainerItemProxy section */
		CC534A7319FFAA5100C241FA /* PBXContainerItemProxy */ = {
			isa = PBXContainerItemProxy;
			containerPortal = CC534A4519FFAA5100C241FA /* Project object */;
			proxyType = 1;
			remoteGlobalIDString = CC534A4C19FFAA5100C241FA;
			remoteInfo = Calculator;
		};
/* End PBXContainerItemProxy section */

/* Begin PBXFileReference section */
		CC534A4D19FFAA5100C241FA /* Calculator.app */ = {isa = PBXFileReference; explicitFileType = wrapper.application; includeInIndex = 0; path = Calculator.app; sourceTree = BUILT_PRODUCTS_DIR; };
		CC534A5019FFAA5100C241FA /* Foundation.framework */ = {isa = PBXFileReference; lastKnownFileType = wrapper.framework; name = Foundation.framework; path = System/Library/Frameworks/Foundation.framework; sourceTree = SDKROOT; };
		CC534A5219FFAA5100C241FA /* CoreGraphics.framework */ = {isa = PBXFileReference; lastKnownFileType = wrapper.framework; name = CoreGraphics.framework; path = System/Library/Frameworks/CoreGraphics.framework; sourceTree = SDKROOT; };
		CC534A5419FFAA5100C241FA /* UIKit.framework */ = {isa = PBXFileReference; lastKnownFileType = wrapper.framework; name = UIKit.framework; path = System/Library/Frameworks/UIKit.framework; sourceTree = SDKROOT; };
		CC534A5819FFAA5100C241FA /* Calculator-Info.plist */ = {isa = PBXFileReference; lastKnownFileType = text.plist.xml; path = "Calculator-Info.plist"; sourceTree = "<group>"; };
		CC534A5A19FFAA5100C241FA /* en */ = {isa = PBXFileReference; lastKnownFileType = text.plist.strings; name = en; path = en.lproj/InfoPlist.strings; sourceTree = "<group>"; };
		CC534A5C19FFAA5100C241FA /* main.m */ = {isa = PBXFileReference; lastKnownFileType = sourcecode.c.objc; path = main.m; sourceTree = "<group>"; };
		CC534A5E19FFAA5100C241FA /* Calculator-Prefix.pch */ = {isa = PBXFileReference; lastKnownFileType = sourcecode.c.h; path = "Calculator-Prefix.pch"; sourceTree = "<group>"; };
		CC534A5F19FFAA5100C241FA /* qiudushuAppDelegate.h */ = {isa = PBXFileReference; lastKnownFileType = sourcecode.c.h; path = qiudushuAppDelegate.h; sourceTree = "<group>"; };
		CC534A6019FFAA5100C241FA /* qiudushuAppDelegate.m */ = {isa = PBXFileReference; lastKnownFileType = sourcecode.c.objc; path = qiudushuAppDelegate.m; sourceTree = "<group>"; };
		CC534A6319FFAA5100C241FA /* Base */ = {isa = PBXFileReference; lastKnownFileType = file.storyboard; name = Base; path = Base.lproj/Main.storyboard; sourceTree = "<group>"; };
		CC534A6519FFAA5100C241FA /* qiudushuViewController.h */ = {isa = PBXFileReference; lastKnownFileType = sourcecode.c.h; path = qiudushuViewController.h; sourceTree = "<group>"; };
		CC534A6619FFAA5100C241FA /* qiudushuViewController.m */ = {isa = PBXFileReference; lastKnownFileType = sourcecode.c.objc; path = qiudushuViewController.m; sourceTree = "<group>"; };
		CC534A6819FFAA5100C241FA /* Images.xcassets */ = {isa = PBXFileReference; lastKnownFileType = folder.assetcatalog; path = Images.xcassets; sourceTree = "<group>"; };
		CC534A6E19FFAA5100C241FA /* CalculatorTests.xctest */ = {isa = PBXFileReference; explicitFileType = wrapper.cfbundle; includeInIndex = 0; path = CalculatorTests.xctest; sourceTree = BUILT_PRODUCTS_DIR; };
		CC534A6F19FFAA5100C241FA /* XCTest.framework */ = {isa = PBXFileReference; lastKnownFileType = wrapper.framework; name = XCTest.framework; path = Library/Frameworks/XCTest.framework; sourceTree = DEVELOPER_DIR; };
		CC534A7719FFAA5100C241FA /* CalculatorTests-Info.plist */ = {isa = PBXFileReference; lastKnownFileType = text.plist.xml; path = "CalculatorTests-Info.plist"; sourceTree = "<group>"; };
		CC534A7919FFAA5100C241FA /* en */ = {isa = PBXFileReference; lastKnownFileType = text.plist.strings; name = en; path = en.lproj/InfoPlist.strings; sourceTree = "<group>"; };
		CC534A7B19FFAA5100C241FA /* CalculatorTests.m */ = {isa = PBXFileReference; lastKnownFileType = sourcecode.c.objc; path = CalculatorTests.m; sourceTree = "<group>"; };
/* End PBXFileReference section */

/* Begin PBXFrameworksBuildPhase section */
		CC534A4A19FFAA5100C241FA /* Frameworks */ = {
			isa = PBXFrameworksBuildPhase;
			buildActionMask = 2147483647;
			files = (
				CC534A5319FFAA5100C241FA /* CoreGraphics.framework in Frameworks */,
				CC534A5519FFAA5100C241FA /* UIKit.framework in Frameworks */,
				CC534A5119FFAA5100C241FA /* Foundation.framework in Frameworks */,
			);
			runOnlyForDeploymentPostprocessing = 0;
		};
		CC534A6B19FFAA5100C241FA /* Frameworks */ = {
			isa = PBXFrameworksBuildPhase;
			buildActionMask = 2147483647;
			files = (
				CC534A7019FFAA5100C241FA /* XCTest.framework in Frameworks */,
				CC534A7219FFAA5100C241FA /* UIKit.framework in Frameworks */,
				CC534A7119FFAA5100C241FA /* Foundation.framework in Frameworks */,
			);
			runOnlyForDeploymentPostprocessing = 0;
		};
/* End PBXFrameworksBuildPhase section */

/* Begin PBXGroup section */
		CC534A4419FFAA5100C241FA = {
			isa = PBXGroup;
			children = (
				CC534A5619FFAA5100C241FA /* Calculator */,
				CC534A7519FFAA5100C241FA /* CalculatorTests */,
				CC534A4F19FFAA5100C241FA /* Frameworks */,
				CC534A4E19FFAA5100C241FA /* Products */,
			);
			sourceTree = "<group>";
		};
		CC534A4E19FFAA5100C241FA /* Products */ = {
			isa = PBXGroup;
			children = (
				CC534A4D19FFAA5100C241FA /* Calculator.app */,
				CC534A6E19FFAA5100C241FA /* CalculatorTests.xctest */,
			);
			name = Products;
			sourceTree = "<group>";
		};
		CC534A4F19FFAA5100C241FA /* Frameworks */ = {
			isa = PBXGroup;
			children = (
				CC534A5019FFAA5100C241FA /* Foundation.framework */,
				CC534A5219FFAA5100C241FA /* CoreGraphics.framework */,
				CC534A5419FFAA5100C241FA /* UIKit.framework */,
				CC534A6F19FFAA5100C241FA /* XCTest.framework */,
			);
			name = Frameworks;
			sourceTree = "<group>";
		};
		CC534A5619FFAA5100C241FA /* Calculator */ = {
			isa = PBXGroup;
			children = (
				CC534A5F19FFAA5100C241FA /* qiudushuAppDelegate.h */,
				CC534A6019FFAA5100C241FA /* qiudushuAppDelegate.m */,
				CC534A6219FFAA5100C241FA /* Main.storyboard */,
				CC534A6519FFAA5100C241FA /* qiudushuViewController.h */,
				CC534A6619FFAA5100C241FA /* qiudushuViewController.m */,
				CC534A6819FFAA5100C241FA /* Images.xcassets */,
				CC534A5719FFAA5100C241FA /* Supporting Files */,
			);
			path = Calculator;
			sourceTree = "<group>";
		};
		CC534A5719FFAA5100C241FA /* Supporting Files */ = {
			isa = PBXGroup;
			children = (
				CC534A5819FFAA5100C241FA /* Calculator-Info.plist */,
				CC534A5919FFAA5100C241FA /* InfoPlist.strings */,
				CC534A5C19FFAA5100C241FA /* main.m */,
				CC534A5E19FFAA5100C241FA /* Calculator-Prefix.pch */,
			);
			name = "Supporting Files";
			sourceTree = "<group>";
		};
		CC534A7519FFAA5100C241FA /* CalculatorTests */ = {
			isa = PBXGroup;
			children = (
				CC534A7B19FFAA5100C241FA /* CalculatorTests.m */,
				CC534A7619FFAA5100C241FA /* Supporting Files */,
			);
			path = CalculatorTests;
			sourceTree = "<group>";
		};
		CC534A7619FFAA5100C241FA /* Supporting Files */ = {
			isa = PBXGroup;
			children = (
				CC534A7719FFAA5100C241FA /* CalculatorTests-Info.plist */,
				CC534A7819FFAA5100C241FA /* InfoPlist.strings */,
			);
			name = "Supporting Files";
			sourceTree = "<group>";
		};
/* End PBXGroup section */

/* Begin PBXNativeTarget section */
		CC534A4C19FFAA5100C241FA /* Calculator */ = {
			isa = PBXNativeTarget;
			buildConfigurationList = CC534A7F19FFAA5100C241FA /* Build configuration list for PBXNativeTarget "Calculator" */;
			buildPhases = (
				CC534A4919FFAA5100C241FA /* Sources */,
				CC534A4A19FFAA5100C241FA /* Frameworks */,
				CC534A4B19FFAA5100C241FA /* Resources */,
			);
			buildRules = (
			);
			dependencies = (
			);
			name = Calculator;
			productName = Calculator;
			productReference = CC534A4D19FFAA5100C241FA /* Calculator.app */;
			productType = "com.apple.product-type.application";
		};
		CC534A6D19FFAA5100C241FA /* CalculatorTests */ = {
			isa = PBXNativeTarget;
			buildConfigurationList = CC534A8219FFAA5100C241FA /* Build configuration list for PBXNativeTarget "CalculatorTests" */;
			buildPhases = (
				CC534A6A19FFAA5100C241FA /* Sources */,
				CC534A6B19FFAA5100C241FA /* Frameworks */,
				CC534A6C19FFAA5100C241FA /* Resources */,
			);
			buildRules = (
			);
			dependencies = (
				CC534A7419FFAA5100C241FA /* PBXTargetDependency */,
			);
			name = CalculatorTests;
			productName = CalculatorTests;
			productReference = CC534A6E19FFAA5100C241FA /* CalculatorTests.xctest */;
			productType = "com.apple.product-type.bundle.unit-test";
		};
/* End PBXNativeTarget section */

/* Begin PBXProject section */
		CC534A4519FFAA5100C241FA /* Project object */ = {
			isa = PBXProject;
			attributes = {
				CLASSPREFIX = qiudushu;
				LastUpgradeCheck = 0510;
				ORGANIZATIONNAME = qiudushu;
				TargetAttributes = {
					CC534A6D19FFAA5100C241FA = {
						TestTargetID = CC534A4C19FFAA5100C241FA;
					};
				};
			};
			buildConfigurationList = CC534A4819FFAA5100C241FA /* Build configuration list for PBXProject "Calculator" */;
			compatibilityVersion = "Xcode 3.2";
			developmentRegion = English;
			hasScannedForEncodings = 0;
			knownRegions = (
				en,
				Base,
			);
			mainGroup = CC534A4419FFAA5100C241FA;
			productRefGroup = CC534A4E19FFAA5100C241FA /* Products */;
			projectDirPath = "";
			projectRoot = "";
			targets = (
				CC534A4C19FFAA5100C241FA /* Calculator */,
				CC534A6D19FFAA5100C241FA /* CalculatorTests */,
			);
		};
/* End PBXProject section */

/* Begin PBXResourcesBuildPhase section */
		CC534A4B19FFAA5100C241FA /* Resources */ = {
			isa = PBXResourcesBuildPhase;
			buildActionMask = 2147483647;
			files = (
				CC534A6919FFAA5100C241FA /* Images.xcassets in Resources */,
				CC534A5B19FFAA5100C241FA /* InfoPlist.strings in Resources */,
				CC534A6419FFAA5100C241FA /* Main.storyboard in Resources */,
			);
			runOnlyForDeploymentPostprocessing = 0;
		};
		CC534A6C19FFAA5100C241FA /* Resources */ = {
			isa = PBXResourcesBuildPhase;
			buildActionMask = 2147483647;
			files = (
				CC534A7A19FFAA5100C241FA /* InfoPlist.strings in Resources */,
			);
			runOnlyForDeploymentPostprocessing = 0;
		};
/* End PBXResourcesBuildPhase section */

/* Begin PBXSourcesBuildPhase section */
		CC534A4919FFAA5100C241FA /* Sources */ = {
			isa = PBXSourcesBuildPhase;
			buildActionMask = 2147483647;
			files = (
				CC534A6119FFAA5100C241FA /* qiudushuAppDelegate.m in Sources */,
				CC534A6719FFAA5100C241FA /* qiudushuViewController.m in Sources */,
				CC534A5D19FFAA5100C241FA /* main.m in Sources */,
			);
			runOnlyForDeploymentPostprocessing = 0;
		};
		CC534A6A19FFAA5100C241FA /* Sources */ = {
			isa = PBXSourcesBuildPhase;
			buildActionMask = 2147483647;
			files = (
				CC534A7C19FFAA5100C241FA /* CalculatorTests.m in Sources */,
			);
			runOnlyForDeploymentPostprocessing = 0;
		};
/* End PBXSourcesBuildPhase section */

/* Begin PBXTargetDependency section */
		CC534A7419FFAA5100C241FA /* PBXTargetDependency */ = {
			isa = PBXTargetDependency;
			target = CC534A4C19FFAA5100C241FA /* Calculator */;
			targetProxy = CC534A7319FFAA5100C241FA /* PBXContainerItemProxy */;
		};
/* End PBXTargetDependency section */

/* Begin PBXVariantGroup section */
		CC534A5919FFAA5100C241FA /* InfoPlist.strings */ = {
			isa = PBXVariantGroup;
			children = (
				CC534A5A19FFAA5100C241FA /* en */,
			);
			name = InfoPlist.strings;
			sourceTree = "<group>";
		};
		CC534A6219FFAA5100C241FA /* Main.storyboard */ = {
			isa = PBXVariantGroup;
			children = (
				CC534A6319FFAA5100C241FA /* Base */,
			);
			name = Main.storyboard;
			sourceTree = "<group>";
		};
		CC534A7819FFAA5100C241FA /* InfoPlist.strings */ = {
			isa = PBXVariantGroup;
			children = (
				CC534A7919FFAA5100C241FA /* en */,
			);
			name = InfoPlist.strings;
			sourceTree = "<group>";
		};
/* End PBXVariantGroup section */

/* Begin XCBuildConfiguration section */
		CC534A7D19FFAA5100C241FA /* Debug */ = {
			isa = XCBuildConfiguration;
			buildSettings = {
				ALWAYS_SEARCH_USER_PATHS = NO;
				CLANG_CXX_LANGUAGE_STANDARD = "gnu++0x";
				CLANG_CXX_LIBRARY = "libc++";
				CLANG_ENABLE_MODULES = YES;
				CLANG_ENABLE_OBJC_ARC = YES;
				CLANG_WARN_BOOL_CONVERSION = YES;
				CLANG_WARN_CONSTANT_CONVERSION = YES;
				CLANG_WARN_DIRECT_OBJC_ISA_USAGE = YES_ERROR;
				CLANG_WARN_EMPTY_BODY = YES;
				CLANG_WARN_ENUM_CONVERSION = YES;
				CLANG_WARN_INT_CONVERSION = YES;
				CLANG_WARN_OBJC_ROOT_CLASS = YES_ERROR;
				CLANG_WARN__DUPLICATE_METHOD_MATCH = YES;
				"CODE_SIGN_IDENTITY[sdk=iphoneos*]" = "iPhone Developer";
				COPY_PHASE_STRIP = NO;
				GCC_C_LANGUAGE_STANDARD = gnu99;
				GCC_DYNAMIC_NO_PIC = NO;
				GCC_OPTIMIZATION_LEVEL = 0;
				GCC_PREPROCESSOR_DEFINITIONS = (
					"DEBUG=1",
					"$(inherited)",
				);
				GCC_SYMBOLS_PRIVATE_EXTERN = NO;
				GCC_WARN_64_TO_32_BIT_CONVERSION = YES;
				GCC_WARN_ABOUT_RETURN_TYPE = YES_ERROR;
				GCC_WARN_UNDECLARED_SELECTOR = YES;
				GCC_WARN_UNINITIALIZED_AUTOS = YES_AGGRESSIVE;
				GCC_WARN_UNUSED_FUNCTION = YES;
				GCC_WARN_UNUSED_VARIABLE = YES;
				IPHONEOS_DEPLOYMENT_TARGET = 7.1;
				ONLY_ACTIVE_ARCH = YES;
				SDKROOT = iphoneos;
			};
			name = Debug;
		};
		CC534A7E19FFAA5100C241FA /* Release */ = {
			isa = XCBuildConfiguration;
			buildSettings = {
				ALWAYS_SEARCH_USER_PATHS = NO;
				CLANG_CXX_LANGUAGE_STANDARD = "gnu++0x";
				CLANG_CXX_LIBRARY = "libc++";
				CLANG_ENABLE_MODULES = YES;
				CLANG_ENABLE_OBJC_ARC = YES;
				CLANG_WARN_BOOL_CONVERSION = YES;
				CLANG_WARN_CONSTANT_CONVERSION = YES;
				CLANG_WARN_DIRECT_OBJC_ISA_USAGE = YES_ERROR;
				CLANG_WARN_EMPTY_BODY = YES;
				CLANG_WARN_ENUM_CONVERSION = YES;
				CLANG_WARN_INT_CONVERSION = YES;
				CLANG_WARN_OBJC_ROOT_CLASS = YES_ERROR;
				CLANG_WARN__DUPLICATE_METHOD_MATCH = YES;
				"CODE_SIGN_IDENTITY[sdk=iphoneos*]" = "iPhone Developer";
				COPY_PHASE_STRIP = YES;
				ENABLE_NS_ASSERTIONS = NO;
				GCC_C_LANGUAGE_STANDARD = gnu99;
				GCC_WARN_64_TO_32_BIT_CONVERSION = YES;
				GCC_WARN_ABOUT_RETURN_TYPE = YES_ERROR;
				GCC_WARN_UNDECLARED_SELECTOR = YES;
				GCC_WARN_UNINITIALIZED_AUTOS = YES_AGGRESSIVE;
				GCC_WARN_UNUSED_FUNCTION = YES;
				GCC_WARN_UNUSED_VARIABLE = YES;
				IPHONEOS_DEPLOYMENT_TARGET = 7.1;
				SDKROOT = iphoneos;
				VALIDATE_PRODUCT = YES;
			};
			name = Release;
		};
		CC534A8019FFAA5100C241FA /* Debug */ = {
			isa = XCBuildConfiguration;
			buildSettings = {
				ASSETCATALOG_COMPILER_APPICON_NAME = AppIcon;
				ASSETCATALOG_COMPILER_LAUNCHIMAGE_NAME = LaunchImage;
				GCC_PRECOMPILE_PREFIX_HEADER = YES;
				GCC_PREFIX_HEADER = "Calculator/Calculator-Prefix.pch";
				INFOPLIST_FILE = "Calculator/Calculator-Info.plist";
				PRODUCT_NAME = "$(TARGET_NAME)";
				WRAPPER_EXTENSION = app;
			};
			name = Debug;
		};
		CC534A8119FFAA5100C241FA /* Release */ = {
			isa = XCBuildConfiguration;
			buildSettings = {
				ASSETCATALOG_COMPILER_APPICON_NAME = AppIcon;
				ASSETCATALOG_COMPILER_LAUNCHIMAGE_NAME = LaunchImage;
				GCC_PRECOMPILE_PREFIX_HEADER = YES;
				GCC_PREFIX_HEADER = "Calculator/Calculator-Prefix.pch";
				INFOPLIST_FILE = "Calculator/Calculator-Info.plist";
				PRODUCT_NAME = "$(TARGET_NAME)";
				WRAPPER_EXTENSION = app;
			};
			name = Release;
		};
		CC534A8319FFAA5100C241FA /* Debug */ = {
			isa = XCBuildConfiguration;
			buildSettings = {
				BUNDLE_LOADER = "$(BUILT_PRODUCTS_DIR)/Calculator.app/Calculator";
				FRAMEWORK_SEARCH_PATHS = (
					"$(SDKROOT)/Developer/Library/Frameworks",
					"$(inherited)",
					"$(DEVELOPER_FRAMEWORKS_DIR)",
				);
				GCC_PRECOMPILE_PREFIX_HEADER = YES;
				GCC_PREFIX_HEADER = "Calculator/Calculator-Prefix.pch";
				GCC_PREPROCESSOR_DEFINITIONS = (
					"DEBUG=1",
					"$(inherited)",
				);
				INFOPLIST_FILE = "CalculatorTests/CalculatorTests-Info.plist";
				PRODUCT_NAME = "$(TARGET_NAME)";
				TEST_HOST = "$(BUNDLE_LOADER)";
				WRAPPER_EXTENSION = xctest;
			};
			name = Debug;
		};
		CC534A8419FFAA5100C241FA /* Release */ = {
			isa = XCBuildConfiguration;
			buildSettings = {
				BUNDLE_LOADER = "$(BUILT_PRODUCTS_DIR)/Calculator.app/Calculator";
				FRAMEWORK_SEARCH_PATHS = (
					"$(SDKROOT)/Developer/Library/Frameworks",
					"$(inherited)",
					"$(DEVELOPER_FRAMEWORKS_DIR)",
				);
				GCC_PRECOMPILE_PREFIX_HEADER = YES;
				GCC_PREFIX_HEADER = "Calculator/Calculator-Prefix.pch";
				INFOPLIST_FILE = "CalculatorTests/CalculatorTests-Info.plist";
				PRODUCT_NAME = "$(TARGET_NAME)";
				TEST_HOST = "$(BUNDLE_LOADER)";
				WRAPPER_EXTENSION = xctest;
			};
			name = Release;
		};
/* End XCBuildConfiguration section */

/* Begin XCConfigurationList section */
		CC534A4819FFAA5100C241FA /* Build configuration list for PBXProject "Calculator" */ = {
			isa = XCConfigurationList;
			buildConfigurations = (
				CC534A7D19FFAA5100C241FA /* Debug */,
				CC534A7E19FFAA5100C241FA /* Release */,
			);
			defaultConfigurationIsVisible = 0;
			defaultConfigurationName = Release;
		};
		CC534A7F19FFAA5100C241FA /* Build configuration list for PBXNativeTarget "Calculator" */ = {
			isa = XCConfigurationList;
			buildConfigurations = (
				CC534A8019FFAA5100C241FA /* Debug */,
				CC534A8119FFAA5100C241FA /* Release */,
			);
			defaultConfigurationIsVisible = 0;
		};
		CC534A8219FFAA5100C241FA /* Build configuration list for PBXNativeTarget "CalculatorTests" */ = {
			isa = XCConfigurationList;
			buildConfigurations = (
				CC534A8319FFAA5100C241FA /* Debug */,
				CC534A8419FFAA5100C241FA /* Release */,
			);
			defaultConfigurationIsVisible = 0;
		};
/* End XCConfigurationList section */
	};
	rootObject = CC534A4519FFAA5100C241FA /* Project object */;
}
