// !$*UTF8*$!
{
	archiveVersion = 1;
	classes = {
	};
	objectVersion = 46;
	objects = {

/* Begin PBXBuildFile section */
		CC76A95F19FCE07600604BD3 /* Foundation.framework in Frameworks */ = {isa = PBXBuildFile; fileRef = CC76A95E19FCE07600604BD3 /* Foundation.framework */; };
		CC76A96119FCE07600604BD3 /* CoreGraphics.framework in Frameworks */ = {isa = PBXBuildFile; fileRef = CC76A96019FCE07600604BD3 /* CoreGraphics.framework */; };
		CC76A96319FCE07600604BD3 /* UIKit.framework in Frameworks */ = {isa = PBXBuildFile; fileRef = CC76A96219FCE07600604BD3 /* UIKit.framework */; };
		CC76A96919FCE07600604BD3 /* InfoPlist.strings in Resources */ = {isa = PBXBuildFile; fileRef = CC76A96719FCE07600604BD3 /* InfoPlist.strings */; };
		CC76A96B19FCE07600604BD3 /* main.m in Sources */ = {isa = PBXBuildFile; fileRef = CC76A96A19FCE07600604BD3 /* main.m */; };
		CC76A96F19FCE07600604BD3 /* qiudushuAppDelegate.m in Sources */ = {isa = PBXBuildFile; fileRef = CC76A96E19FCE07600604BD3 /* qiudushuAppDelegate.m */; };
		CC76A97219FCE07600604BD3 /* Main.storyboard in Resources */ = {isa = PBXBuildFile; fileRef = CC76A97019FCE07600604BD3 /* Main.storyboard */; };
		CC76A97519FCE07600604BD3 /* qiudushuViewController.m in Sources */ = {isa = PBXBuildFile; fileRef = CC76A97419FCE07600604BD3 /* qiudushuViewController.m */; };
		CC76A97719FCE07600604BD3 /* Images.xcassets in Resources */ = {isa = PBXBuildFile; fileRef = CC76A97619FCE07600604BD3 /* Images.xcassets */; };
		CC76A97E19FCE07600604BD3 /* XCTest.framework in Frameworks */ = {isa = PBXBuildFile; fileRef = CC76A97D19FCE07600604BD3 /* XCTest.framework */; };
		CC76A97F19FCE07600604BD3 /* Foundation.framework in Frameworks */ = {isa = PBXBuildFile; fileRef = CC76A95E19FCE07600604BD3 /* Foundation.framework */; };
		CC76A98019FCE07600604BD3 /* UIKit.framework in Frameworks */ = {isa = PBXBuildFile; fileRef = CC76A96219FCE07600604BD3 /* UIKit.framework */; };
		CC76A98819FCE07600604BD3 /* InfoPlist.strings in Resources */ = {isa = PBXBuildFile; fileRef = CC76A98619FCE07600604BD3 /* InfoPlist.strings */; };
		CC76A98A19FCE07600604BD3 /* _23Tests.m in Sources */ = {isa = PBXBuildFile; fileRef = CC76A98919FCE07600604BD3 /* _23Tests.m */; };
		CC76A99419FCE0CA00604BD3 /* 0.jpg in Resources */ = {isa = PBXBuildFile; fileRef = CC76A99319FCE0CA00604BD3 /* 0.jpg */; };
/* End PBXBuildFile section */

/* Begin PBXContainerItemProxy section */
		CC76A98119FCE07600604BD3 /* PBXContainerItemProxy */ = {
			isa = PBXContainerItemProxy;
			containerPortal = CC76A95319FCE07600604BD3 /* Project object */;
			proxyType = 1;
			remoteGlobalIDString = CC76A95A19FCE07600604BD3;
			remoteInfo = 123;
		};
/* End PBXContainerItemProxy section */

/* Begin PBXFileReference section */
		CC76A95B19FCE07600604BD3 /* 123.app */ = {isa = PBXFileReference; explicitFileType = wrapper.application; includeInIndex = 0; path = 123.app; sourceTree = BUILT_PRODUCTS_DIR; };
		CC76A95E19FCE07600604BD3 /* Foundation.framework */ = {isa = PBXFileReference; lastKnownFileType = wrapper.framework; name = Foundation.framework; path = System/Library/Frameworks/Foundation.framework; sourceTree = SDKROOT; };
		CC76A96019FCE07600604BD3 /* CoreGraphics.framework */ = {isa = PBXFileReference; lastKnownFileType = wrapper.framework; name = CoreGraphics.framework; path = System/Library/Frameworks/CoreGraphics.framework; sourceTree = SDKROOT; };
		CC76A96219FCE07600604BD3 /* UIKit.framework */ = {isa = PBXFileReference; lastKnownFileType = wrapper.framework; name = UIKit.framework; path = System/Library/Frameworks/UIKit.framework; sourceTree = SDKROOT; };
		CC76A96619FCE07600604BD3 /* 123-Info.plist */ = {isa = PBXFileReference; lastKnownFileType = text.plist.xml; path = "123-Info.plist"; sourceTree = "<group>"; };
		CC76A96819FCE07600604BD3 /* en */ = {isa = PBXFileReference; lastKnownFileType = text.plist.strings; name = en; path = en.lproj/InfoPlist.strings; sourceTree = "<group>"; };
		CC76A96A19FCE07600604BD3 /* main.m */ = {isa = PBXFileReference; lastKnownFileType = sourcecode.c.objc; path = main.m; sourceTree = "<group>"; };
		CC76A96C19FCE07600604BD3 /* 123-Prefix.pch */ = {isa = PBXFileReference; lastKnownFileType = sourcecode.c.h; path = "123-Prefix.pch"; sourceTree = "<group>"; };
		CC76A96D19FCE07600604BD3 /* qiudushuAppDelegate.h */ = {isa = PBXFileReference; lastKnownFileType = sourcecode.c.h; path = qiudushuAppDelegate.h; sourceTree = "<group>"; };
		CC76A96E19FCE07600604BD3 /* qiudushuAppDelegate.m */ = {isa = PBXFileReference; lastKnownFileType = sourcecode.c.objc; path = qiudushuAppDelegate.m; sourceTree = "<group>"; };
		CC76A97119FCE07600604BD3 /* Base */ = {isa = PBXFileReference; lastKnownFileType = file.storyboard; name = Base; path = Base.lproj/Main.storyboard; sourceTree = "<group>"; };
		CC76A97319FCE07600604BD3 /* qiudushuViewController.h */ = {isa = PBXFileReference; lastKnownFileType = sourcecode.c.h; path = qiudushuViewController.h; sourceTree = "<group>"; };
		CC76A97419FCE07600604BD3 /* qiudushuViewController.m */ = {isa = PBXFileReference; lastKnownFileType = sourcecode.c.objc; path = qiudushuViewController.m; sourceTree = "<group>"; };
		CC76A97619FCE07600604BD3 /* Images.xcassets */ = {isa = PBXFileReference; lastKnownFileType = folder.assetcatalog; path = Images.xcassets; sourceTree = "<group>"; };
		CC76A97C19FCE07600604BD3 /* 123Tests.xctest */ = {isa = PBXFileReference; explicitFileType = wrapper.cfbundle; includeInIndex = 0; path = 123Tests.xctest; sourceTree = BUILT_PRODUCTS_DIR; };
		CC76A97D19FCE07600604BD3 /* XCTest.framework */ = {isa = PBXFileReference; lastKnownFileType = wrapper.framework; name = XCTest.framework; path = Library/Frameworks/XCTest.framework; sourceTree = DEVELOPER_DIR; };
		CC76A98519FCE07600604BD3 /* 123Tests-Info.plist */ = {isa = PBXFileReference; lastKnownFileType = text.plist.xml; path = "123Tests-Info.plist"; sourceTree = "<group>"; };
		CC76A98719FCE07600604BD3 /* en */ = {isa = PBXFileReference; lastKnownFileType = text.plist.strings; name = en; path = en.lproj/InfoPlist.strings; sourceTree = "<group>"; };
		CC76A98919FCE07600604BD3 /* _23Tests.m */ = {isa = PBXFileReference; lastKnownFileType = sourcecode.c.objc; path = _23Tests.m; sourceTree = "<group>"; };
		CC76A99319FCE0CA00604BD3 /* 0.jpg */ = {isa = PBXFileReference; lastKnownFileType = image.jpeg; path = 0.jpg; sourceTree = "<group>"; };
/* End PBXFileReference section */

/* Begin PBXFrameworksBuildPhase section */
		CC76A95819FCE07600604BD3 /* Frameworks */ = {
			isa = PBXFrameworksBuildPhase;
			buildActionMask = 2147483647;
			files = (
				CC76A96119FCE07600604BD3 /* CoreGraphics.framework in Frameworks */,
				CC76A96319FCE07600604BD3 /* UIKit.framework in Frameworks */,
				CC76A95F19FCE07600604BD3 /* Foundation.framework in Frameworks */,
			);
			runOnlyForDeploymentPostprocessing = 0;
		};
		CC76A97919FCE07600604BD3 /* Frameworks */ = {
			isa = PBXFrameworksBuildPhase;
			buildActionMask = 2147483647;
			files = (
				CC76A97E19FCE07600604BD3 /* XCTest.framework in Frameworks */,
				CC76A98019FCE07600604BD3 /* UIKit.framework in Frameworks */,
				CC76A97F19FCE07600604BD3 /* Foundation.framework in Frameworks */,
			);
			runOnlyForDeploymentPostprocessing = 0;
		};
/* End PBXFrameworksBuildPhase section */

/* Begin PBXGroup section */
		CC76A95219FCE07600604BD3 = {
			isa = PBXGroup;
			children = (
				CC76A96419FCE07600604BD3 /* 123 */,
				CC76A98319FCE07600604BD3 /* 123Tests */,
				CC76A95D19FCE07600604BD3 /* Frameworks */,
				CC76A95C19FCE07600604BD3 /* Products */,
			);
			sourceTree = "<group>";
		};
		CC76A95C19FCE07600604BD3 /* Products */ = {
			isa = PBXGroup;
			children = (
				CC76A95B19FCE07600604BD3 /* 123.app */,
				CC76A97C19FCE07600604BD3 /* 123Tests.xctest */,
			);
			name = Products;
			sourceTree = "<group>";
		};
		CC76A95D19FCE07600604BD3 /* Frameworks */ = {
			isa = PBXGroup;
			children = (
				CC76A95E19FCE07600604BD3 /* Foundation.framework */,
				CC76A96019FCE07600604BD3 /* CoreGraphics.framework */,
				CC76A96219FCE07600604BD3 /* UIKit.framework */,
				CC76A97D19FCE07600604BD3 /* XCTest.framework */,
			);
			name = Frameworks;
			sourceTree = "<group>";
		};
		CC76A96419FCE07600604BD3 /* 123 */ = {
			isa = PBXGroup;
			children = (
				CC76A96D19FCE07600604BD3 /* qiudushuAppDelegate.h */,
				CC76A96E19FCE07600604BD3 /* qiudushuAppDelegate.m */,
				CC76A97019FCE07600604BD3 /* Main.storyboard */,
				CC76A97319FCE07600604BD3 /* qiudushuViewController.h */,
				CC76A97419FCE07600604BD3 /* qiudushuViewController.m */,
				CC76A97619FCE07600604BD3 /* Images.xcassets */,
				CC76A96519FCE07600604BD3 /* Supporting Files */,
			);
			path = 123;
			sourceTree = "<group>";
		};
		CC76A96519FCE07600604BD3 /* Supporting Files */ = {
			isa = PBXGroup;
			children = (
				CC76A96619FCE07600604BD3 /* 123-Info.plist */,
				CC76A96719FCE07600604BD3 /* InfoPlist.strings */,
				CC76A96A19FCE07600604BD3 /* main.m */,
				CC76A96C19FCE07600604BD3 /* 123-Prefix.pch */,
			);
			name = "Supporting Files";
			sourceTree = "<group>";
		};
		CC76A98319FCE07600604BD3 /* 123Tests */ = {
			isa = PBXGroup;
			children = (
				CC76A99319FCE0CA00604BD3 /* 0.jpg */,
				CC76A98919FCE07600604BD3 /* _23Tests.m */,
				CC76A98419FCE07600604BD3 /* Supporting Files */,
			);
			path = 123Tests;
			sourceTree = "<group>";
		};
		CC76A98419FCE07600604BD3 /* Supporting Files */ = {
			isa = PBXGroup;
			children = (
				CC76A98519FCE07600604BD3 /* 123Tests-Info.plist */,
				CC76A98619FCE07600604BD3 /* InfoPlist.strings */,
			);
			name = "Supporting Files";
			sourceTree = "<group>";
		};
/* End PBXGroup section */

/* Begin PBXNativeTarget section */
		CC76A95A19FCE07600604BD3 /* 123 */ = {
			isa = PBXNativeTarget;
			buildConfigurationList = CC76A98D19FCE07600604BD3 /* Build configuration list for PBXNativeTarget "123" */;
			buildPhases = (
				CC76A95719FCE07600604BD3 /* Sources */,
				CC76A95819FCE07600604BD3 /* Frameworks */,
				CC76A95919FCE07600604BD3 /* Resources */,
			);
			buildRules = (
			);
			dependencies = (
			);
			name = 123;
			productName = 123;
			productReference = CC76A95B19FCE07600604BD3 /* 123.app */;
			productType = "com.apple.product-type.application";
		};
		CC76A97B19FCE07600604BD3 /* 123Tests */ = {
			isa = PBXNativeTarget;
			buildConfigurationList = CC76A99019FCE07600604BD3 /* Build configuration list for PBXNativeTarget "123Tests" */;
			buildPhases = (
				CC76A97819FCE07600604BD3 /* Sources */,
				CC76A97919FCE07600604BD3 /* Frameworks */,
				CC76A97A19FCE07600604BD3 /* Resources */,
			);
			buildRules = (
			);
			dependencies = (
				CC76A98219FCE07600604BD3 /* PBXTargetDependency */,
			);
			name = 123Tests;
			productName = 123Tests;
			productReference = CC76A97C19FCE07600604BD3 /* 123Tests.xctest */;
			productType = "com.apple.product-type.bundle.unit-test";
		};
/* End PBXNativeTarget section */

/* Begin PBXProject section */
		CC76A95319FCE07600604BD3 /* Project object */ = {
			isa = PBXProject;
			attributes = {
				CLASSPREFIX = qiudushu;
				LastUpgradeCheck = 0510;
				ORGANIZATIONNAME = qiudushu;
				TargetAttributes = {
					CC76A97B19FCE07600604BD3 = {
						TestTargetID = CC76A95A19FCE07600604BD3;
					};
				};
			};
			buildConfigurationList = CC76A95619FCE07600604BD3 /* Build configuration list for PBXProject "123" */;
			compatibilityVersion = "Xcode 3.2";
			developmentRegion = English;
			hasScannedForEncodings = 0;
			knownRegions = (
				en,
				Base,
			);
			mainGroup = CC76A95219FCE07600604BD3;
			productRefGroup = CC76A95C19FCE07600604BD3 /* Products */;
			projectDirPath = "";
			projectRoot = "";
			targets = (
				CC76A95A19FCE07600604BD3 /* 123 */,
				CC76A97B19FCE07600604BD3 /* 123Tests */,
			);
		};
/* End PBXProject section */

/* Begin PBXResourcesBuildPhase section */
		CC76A95919FCE07600604BD3 /* Resources */ = {
			isa = PBXResourcesBuildPhase;
			buildActionMask = 2147483647;
			files = (
				CC76A97719FCE07600604BD3 /* Images.xcassets in Resources */,
				CC76A96919FCE07600604BD3 /* InfoPlist.strings in Resources */,
				CC76A97219FCE07600604BD3 /* Main.storyboard in Resources */,
			);
			runOnlyForDeploymentPostprocessing = 0;
		};
		CC76A97A19FCE07600604BD3 /* Resources */ = {
			isa = PBXResourcesBuildPhase;
			buildActionMask = 2147483647;
			files = (
				CC76A99419FCE0CA00604BD3 /* 0.jpg in Resources */,
				CC76A98819FCE07600604BD3 /* InfoPlist.strings in Resources */,
			);
			runOnlyForDeploymentPostprocessing = 0;
		};
/* End PBXResourcesBuildPhase section */

/* Begin PBXSourcesBuildPhase section */
		CC76A95719FCE07600604BD3 /* Sources */ = {
			isa = PBXSourcesBuildPhase;
			buildActionMask = 2147483647;
			files = (
				CC76A96F19FCE07600604BD3 /* qiudushuAppDelegate.m in Sources */,
				CC76A97519FCE07600604BD3 /* qiudushuViewController.m in Sources */,
				CC76A96B19FCE07600604BD3 /* main.m in Sources */,
			);
			runOnlyForDeploymentPostprocessing = 0;
		};
		CC76A97819FCE07600604BD3 /* Sources */ = {
			isa = PBXSourcesBuildPhase;
			buildActionMask = 2147483647;
			files = (
				CC76A98A19FCE07600604BD3 /* _23Tests.m in Sources */,
			);
			runOnlyForDeploymentPostprocessing = 0;
		};
/* End PBXSourcesBuildPhase section */

/* Begin PBXTargetDependency section */
		CC76A98219FCE07600604BD3 /* PBXTargetDependency */ = {
			isa = PBXTargetDependency;
			target = CC76A95A19FCE07600604BD3 /* 123 */;
			targetProxy = CC76A98119FCE07600604BD3 /* PBXContainerItemProxy */;
		};
/* End PBXTargetDependency section */

/* Begin PBXVariantGroup section */
		CC76A96719FCE07600604BD3 /* InfoPlist.strings */ = {
			isa = PBXVariantGroup;
			children = (
				CC76A96819FCE07600604BD3 /* en */,
			);
			name = InfoPlist.strings;
			sourceTree = "<group>";
		};
		CC76A97019FCE07600604BD3 /* Main.storyboard */ = {
			isa = PBXVariantGroup;
			children = (
				CC76A97119FCE07600604BD3 /* Base */,
			);
			name = Main.storyboard;
			sourceTree = "<group>";
		};
		CC76A98619FCE07600604BD3 /* InfoPlist.strings */ = {
			isa = PBXVariantGroup;
			children = (
				CC76A98719FCE07600604BD3 /* en */,
			);
			name = InfoPlist.strings;
			sourceTree = "<group>";
		};
/* End PBXVariantGroup section */

/* Begin XCBuildConfiguration section */
		CC76A98B19FCE07600604BD3 /* Debug */ = {
			isa = XCBuildConfiguration;
			buildSettings = {
				ALWAYS_SEARCH_USER_PATHS = NO;
				CLANG_CXX_LANGUAGE_STANDARD = "gnu++0x";
				CLANG_CXX_LIBRARY = "libc++";
				CLANG_ENABLE_MODULES = YES;
				CLANG_ENABLE_OBJC_ARC = YES;
				CLANG_WARN_BOOL_CONVERSION = YES;
				CLANG_WARN_CONSTANT_CONVERSION = YES;
				CLANG_WARN_DIRECT_OBJC_ISA_USAGE = YES_ERROR;
				CLANG_WARN_EMPTY_BODY = YES;
				CLANG_WARN_ENUM_CONVERSION = YES;
				CLANG_WARN_INT_CONVERSION = YES;
				CLANG_WARN_OBJC_ROOT_CLASS = YES_ERROR;
				CLANG_WARN__DUPLICATE_METHOD_MATCH = YES;
				"CODE_SIGN_IDENTITY[sdk=iphoneos*]" = "iPhone Developer";
				COPY_PHASE_STRIP = NO;
				GCC_C_LANGUAGE_STANDARD = gnu99;
				GCC_DYNAMIC_NO_PIC = NO;
				GCC_OPTIMIZATION_LEVEL = 0;
				GCC_PREPROCESSOR_DEFINITIONS = (
					"DEBUG=1",
					"$(inherited)",
				);
				GCC_SYMBOLS_PRIVATE_EXTERN = NO;
				GCC_WARN_64_TO_32_BIT_CONVERSION = YES;
				GCC_WARN_ABOUT_RETURN_TYPE = YES_ERROR;
				GCC_WARN_UNDECLARED_SELECTOR = YES;
				GCC_WARN_UNINITIALIZED_AUTOS = YES_AGGRESSIVE;
				GCC_WARN_UNUSED_FUNCTION = YES;
				GCC_WARN_UNUSED_VARIABLE = YES;
				IPHONEOS_DEPLOYMENT_TARGET = 7.1;
				ONLY_ACTIVE_ARCH = YES;
				SDKROOT = iphoneos;
			};
			name = Debug;
		};
		CC76A98C19FCE07600604BD3 /* Release */ = {
			isa = XCBuildConfiguration;
			buildSettings = {
				ALWAYS_SEARCH_USER_PATHS = NO;
				CLANG_CXX_LANGUAGE_STANDARD = "gnu++0x";
				CLANG_CXX_LIBRARY = "libc++";
				CLANG_ENABLE_MODULES = YES;
				CLANG_ENABLE_OBJC_ARC = YES;
				CLANG_WARN_BOOL_CONVERSION = YES;
				CLANG_WARN_CONSTANT_CONVERSION = YES;
				CLANG_WARN_DIRECT_OBJC_ISA_USAGE = YES_ERROR;
				CLANG_WARN_EMPTY_BODY = YES;
				CLANG_WARN_ENUM_CONVERSION = YES;
				CLANG_WARN_INT_CONVERSION = YES;
				CLANG_WARN_OBJC_ROOT_CLASS = YES_ERROR;
				CLANG_WARN__DUPLICATE_METHOD_MATCH = YES;
				"CODE_SIGN_IDENTITY[sdk=iphoneos*]" = "iPhone Developer";
				COPY_PHASE_STRIP = YES;
				ENABLE_NS_ASSERTIONS = NO;
				GCC_C_LANGUAGE_STANDARD = gnu99;
				GCC_WARN_64_TO_32_BIT_CONVERSION = YES;
				GCC_WARN_ABOUT_RETURN_TYPE = YES_ERROR;
				GCC_WARN_UNDECLARED_SELECTOR = YES;
				GCC_WARN_UNINITIALIZED_AUTOS = YES_AGGRESSIVE;
				GCC_WARN_UNUSED_FUNCTION = YES;
				GCC_WARN_UNUSED_VARIABLE = YES;
				IPHONEOS_DEPLOYMENT_TARGET = 7.1;
				SDKROOT = iphoneos;
				VALIDATE_PRODUCT = YES;
			};
			name = Release;
		};
		CC76A98E19FCE07600604BD3 /* Debug */ = {
			isa = XCBuildConfiguration;
			buildSettings = {
				ASSETCATALOG_COMPILER_APPICON_NAME = AppIcon;
				ASSETCATALOG_COMPILER_LAUNCHIMAGE_NAME = LaunchImage;
				GCC_PRECOMPILE_PREFIX_HEADER = YES;
				GCC_PREFIX_HEADER = "123/123-Prefix.pch";
				INFOPLIST_FILE = "123/123-Info.plist";
				PRODUCT_NAME = "$(TARGET_NAME)";
				WRAPPER_EXTENSION = app;
			};
			name = Debug;
		};
		CC76A98F19FCE07600604BD3 /* Release */ = {
			isa = XCBuildConfiguration;
			buildSettings = {
				ASSETCATALOG_COMPILER_APPICON_NAME = AppIcon;
				ASSETCATALOG_COMPILER_LAUNCHIMAGE_NAME = LaunchImage;
				GCC_PRECOMPILE_PREFIX_HEADER = YES;
				GCC_PREFIX_HEADER = "123/123-Prefix.pch";
				INFOPLIST_FILE = "123/123-Info.plist";
				PRODUCT_NAME = "$(TARGET_NAME)";
				WRAPPER_EXTENSION = app;
			};
			name = Release;
		};
		CC76A99119FCE07600604BD3 /* Debug */ = {
			isa = XCBuildConfiguration;
			buildSettings = {
				BUNDLE_LOADER = "$(BUILT_PRODUCTS_DIR)/123.app/123";
				FRAMEWORK_SEARCH_PATHS = (
					"$(SDKROOT)/Developer/Library/Frameworks",
					"$(inherited)",
					"$(DEVELOPER_FRAMEWORKS_DIR)",
				);
				GCC_PRECOMPILE_PREFIX_HEADER = YES;
				GCC_PREFIX_HEADER = "123/123-Prefix.pch";
				GCC_PREPROCESSOR_DEFINITIONS = (
					"DEBUG=1",
					"$(inherited)",
				);
				INFOPLIST_FILE = "123Tests/123Tests-Info.plist";
				PRODUCT_NAME = "$(TARGET_NAME)";
				TEST_HOST = "$(BUNDLE_LOADER)";
				WRAPPER_EXTENSION = xctest;
			};
			name = Debug;
		};
		CC76A99219FCE07600604BD3 /* Release */ = {
			isa = XCBuildConfiguration;
			buildSettings = {
				BUNDLE_LOADER = "$(BUILT_PRODUCTS_DIR)/123.app/123";
				FRAMEWORK_SEARCH_PATHS = (
					"$(SDKROOT)/Developer/Library/Frameworks",
					"$(inherited)",
					"$(DEVELOPER_FRAMEWORKS_DIR)",
				);
				GCC_PRECOMPILE_PREFIX_HEADER = YES;
				GCC_PREFIX_HEADER = "123/123-Prefix.pch";
				INFOPLIST_FILE = "123Tests/123Tests-Info.plist";
				PRODUCT_NAME = "$(TARGET_NAME)";
				TEST_HOST = "$(BUNDLE_LOADER)";
				WRAPPER_EXTENSION = xctest;
			};
			name = Release;
		};
/* End XCBuildConfiguration section */

/* Begin XCConfigurationList section */
		CC76A95619FCE07600604BD3 /* Build configuration list for PBXProject "123" */ = {
			isa = XCConfigurationList;
			buildConfigurations = (
				CC76A98B19FCE07600604BD3 /* Debug */,
				CC76A98C19FCE07600604BD3 /* Release */,
			);
			defaultConfigurationIsVisible = 0;
			defaultConfigurationName = Release;
		};
		CC76A98D19FCE07600604BD3 /* Build configuration list for PBXNativeTarget "123" */ = {
			isa = XCConfigurationList;
			buildConfigurations = (
				CC76A98E19FCE07600604BD3 /* Debug */,
				CC76A98F19FCE07600604BD3 /* Release */,
			);
			defaultConfigurationIsVisible = 0;
		};
		CC76A99019FCE07600604BD3 /* Build configuration list for PBXNativeTarget "123Tests" */ = {
			isa = XCConfigurationList;
			buildConfigurations = (
				CC76A99119FCE07600604BD3 /* Debug */,
				CC76A99219FCE07600604BD3 /* Release */,
			);
			defaultConfigurationIsVisible = 0;
		};
/* End XCConfigurationList section */
	};
	rootObject = CC76A95319FCE07600604BD3 /* Project object */;
}
